
Microsoft Visual Studio Solution File, Format Version 12.00
# Visual Studio Version 16
VisualStudioVersion = 16.0.32510.428
MinimumVisualStudioVersion = 10.0.40219.1
Project("{FAE04EC0-301F-11D3-BF4B-00C04F79EFBC}") = "DemoDirectoryInforClass", "DemoDirectoryInforClass\DemoDirectoryInforClass.csproj", "{13E80DE3-7FDE-435B-A2AE-89CF6327BAFA}"
EndProject
Global
	GlobalSection(SolutionConfigurationPlatforms) = preSolution
		Debug|Any CPU = Debug|Any CPU
		Release|Any CPU = Release|Any CPU
	EndGlobalSection
	GlobalSection(ProjectConfigurationPlatforms) = postSolution
		{13E80DE3-7FDE-435B-A2AE-89CF6327BAFA}.Debug|Any CPU.ActiveCfg = Debug|Any CPU
		{13E80DE3-7FDE-435B-A2AE-89CF6327BAFA}.Debug|Any CPU.Build.0 = Debug|Any CPU
		{13E80DE3-7FDE-435B-A2AE-89CF6327BAFA}.Release|Any CPU.ActiveCfg = Release|Any CPU
		{13E80DE3-7FDE-435B-A2AE-89CF6327BAFA}.Release|Any CPU.Build.0 = Release|Any CPU
	EndGlobalSection
	GlobalSection(SolutionProperties) = preSolution
		HideSolutionNode = FALSE
	EndGlobalSection
	GlobalSection(ExtensibilityGlobals) = postSolution
		SolutionGuid = {ED23C08A-159F-41D3-AB02-7D740FF3E41B}
	EndGlobalSection
EndGlobal
