
Microsoft Visual Studio Solution File, Format Version 12.00
# Visual Studio Version 16
VisualStudioVersion = 16.0.32510.428
MinimumVisualStudioVersion = 10.0.40219.1
Project("{FAE04EC0-301F-11D3-BF4B-00C04F79EFBC}") = "Slot 6_Generic Interfaces", "Slot 6_Generic Interfaces\Slot 6_Generic Interfaces.csproj", "{855425BD-B3F8-48B9-8799-26E45462B899}"
EndProject
Global
	GlobalSection(SolutionConfigurationPlatforms) = preSolution
		Debug|Any CPU = Debug|Any CPU
		Release|Any CPU = Release|Any CPU
	EndGlobalSection
	GlobalSection(ProjectConfigurationPlatforms) = postSolution
		{855425BD-B3F8-48B9-8799-26E45462B899}.Debug|Any CPU.ActiveCfg = Debug|Any CPU
		{855425BD-B3F8-48B9-8799-26E45462B899}.Debug|Any CPU.Build.0 = Debug|Any CPU
		{855425BD-B3F8-48B9-8799-26E45462B899}.Release|Any CPU.ActiveCfg = Release|Any CPU
		{855425BD-B3F8-48B9-8799-26E45462B899}.Release|Any CPU.Build.0 = Release|Any CPU
	EndGlobalSection
	GlobalSection(SolutionProperties) = preSolution
		HideSolutionNode = FALSE
	EndGlobalSection
	GlobalSection(ExtensibilityGlobals) = postSolution
		SolutionGuid = {A2A48633-13B5-42DA-AC06-8192B5CEF1B6}
	EndGlobalSection
EndGlobal
